{
  "name": "fetcher",
  "version": "1.0.0",
  "lockfileVersion": 1,
  "requires": true,
  "dependencies": {
    "after-all-results": {
      "version": "2.0.0",
      "resolved": "https://registry.npmjs.org/after-all-results/-/after-all-results-2.0.0.tgz",
      "integrity": "sha1-asL8ICtQD4jaj09VMM+hAPTGotA="
    },
    "git-state": {
      "version": "4.1.0",
      "resolved": "https://registry.npmjs.org/git-state/-/git-state-4.1.0.tgz",
      "integrity": "sha512-IZ1BCOr33BJNyoDMli9UTetLzYPDv26SQwvicybA7W6ojFtXiPmN39Vb0eEUAkiAFt4P2L64dj5LEHAxjVh9XA==",
      "requires": {
        "after-all-results": "^2.0.0"
      }
    }
  }
}
